
Microsoft Visual Studio Solution File, Format Version 12.00
# Visual Studio Version 17
VisualStudioVersion = 17.8.34525.116
MinimumVisualStudioVersion = 10.0.40219.1
Project("{9A19103F-16F7-4668-BE54-9A1E7A4F7556}") = "Kris", "Kris\Kris.csproj", "{4C98A3FD-ADAC-4214-B79B-A8F2697A6398}"
EndProject
Project("{FAE04EC0-301F-11D3-BF4B-00C04F79EFBC}") = "Kris.Core", "Kris.Core\Kris.Core.csproj", "{2A0E4535-EF8E-4692-B22C-9BDBB6F86BEC}"
EndProject
Project("{FAE04EC0-301F-11D3-BF4B-00C04F79EFBC}") = "Kris.Infrastructure", "Kris.Infrastructure\Kris.Infrastructure.csproj", "{77F4C9C7-0F89-4BF8-9A67-45C2B09C361E}"
EndProject
Global
	GlobalSection(SolutionConfigurationPlatforms) = preSolution
		Debug|Any CPU = Debug|Any CPU
		Release|Any CPU = Release|Any CPU
	EndGlobalSection
	GlobalSection(ProjectConfigurationPlatforms) = postSolution
		{4C98A3FD-ADAC-4214-B79B-A8F2697A6398}.Debug|Any CPU.ActiveCfg = Debug|Any CPU
		{4C98A3FD-ADAC-4214-B79B-A8F2697A6398}.Debug|Any CPU.Build.0 = Debug|Any CPU
		{4C98A3FD-ADAC-4214-B79B-A8F2697A6398}.Release|Any CPU.ActiveCfg = Release|Any CPU
		{4C98A3FD-ADAC-4214-B79B-A8F2697A6398}.Release|Any CPU.Build.0 = Release|Any CPU
		{2A0E4535-EF8E-4692-B22C-9BDBB6F86BEC}.Debug|Any CPU.ActiveCfg = Debug|Any CPU
		{2A0E4535-EF8E-4692-B22C-9BDBB6F86BEC}.Debug|Any CPU.Build.0 = Debug|Any CPU
		{2A0E4535-EF8E-4692-B22C-9BDBB6F86BEC}.Release|Any CPU.ActiveCfg = Release|Any CPU
		{2A0E4535-EF8E-4692-B22C-9BDBB6F86BEC}.Release|Any CPU.Build.0 = Release|Any CPU
		{77F4C9C7-0F89-4BF8-9A67-45C2B09C361E}.Debug|Any CPU.ActiveCfg = Debug|Any CPU
		{77F4C9C7-0F89-4BF8-9A67-45C2B09C361E}.Debug|Any CPU.Build.0 = Debug|Any CPU
		{77F4C9C7-0F89-4BF8-9A67-45C2B09C361E}.Release|Any CPU.ActiveCfg = Release|Any CPU
		{77F4C9C7-0F89-4BF8-9A67-45C2B09C361E}.Release|Any CPU.Build.0 = Release|Any CPU
	EndGlobalSection
	GlobalSection(SolutionProperties) = preSolution
		HideSolutionNode = FALSE
	EndGlobalSection
	GlobalSection(ExtensibilityGlobals) = postSolution
		SolutionGuid = {BB158E74-5206-40F0-969E-73F143BA1E55}
	EndGlobalSection
EndGlobal
